
Microsoft Visual Studio Solution File, Format Version 12.00
# Visual Studio Version 16
VisualStudioVersion = 16.0.31624.102
MinimumVisualStudioVersion = 10.0.40219.1
Project("{FAE04EC0-301F-11D3-BF4B-00C04F79EFBC}") = "ConsoleGame", "ConsoleGame\ConsoleGame.csproj", "{3E27A7F6-4CAE-452E-A2BD-8ED72508215B}"
EndProject
Global
	GlobalSection(SolutionConfigurationPlatforms) = preSolution
		Debug|Any CPU = Debug|Any CPU
		Release|Any CPU = Release|Any CPU
	EndGlobalSection
	GlobalSection(ProjectConfigurationPlatforms) = postSolution
		{3E27A7F6-4CAE-452E-A2BD-8ED72508215B}.Debug|Any CPU.ActiveCfg = Debug|Any CPU
		{3E27A7F6-4CAE-452E-A2BD-8ED72508215B}.Debug|Any CPU.Build.0 = Debug|Any CPU
		{3E27A7F6-4CAE-452E-A2BD-8ED72508215B}.Release|Any CPU.ActiveCfg = Release|Any CPU
		{3E27A7F6-4CAE-452E-A2BD-8ED72508215B}.Release|Any CPU.Build.0 = Release|Any CPU
	EndGlobalSection
	GlobalSection(SolutionProperties) = preSolution
		HideSolutionNode = FALSE
	EndGlobalSection
	GlobalSection(ExtensibilityGlobals) = postSolution
		SolutionGuid = {13CAAAFE-7FDB-4F32-A259-82719DF8300D}
	EndGlobalSection
EndGlobal
